
Microsoft Visual Studio Solution File, Format Version 12.00
# Visual Studio Version 17
VisualStudioVersion = 17.6.33723.286
MinimumVisualStudioVersion = 10.0.40219.1
Project("{9A19103F-16F7-4668-BE54-9A1E7A4F7556}") = "CanvasRendering", "CanvasRendering\CanvasRendering.csproj", "{0AD2B466-D5B1-4141-9352-E337414A08AD}"
EndProject
Global
	GlobalSection(SolutionConfigurationPlatforms) = preSolution
		Debug|x64 = Debug|x64
		Release|x64 = Release|x64
	EndGlobalSection
	GlobalSection(ProjectConfigurationPlatforms) = postSolution
		{0AD2B466-D5B1-4141-9352-E337414A08AD}.Debug|x64.ActiveCfg = Debug|x64
		{0AD2B466-D5B1-4141-9352-E337414A08AD}.Debug|x64.Build.0 = Debug|x64
		{0AD2B466-D5B1-4141-9352-E337414A08AD}.Release|x64.ActiveCfg = Release|x64
		{0AD2B466-D5B1-4141-9352-E337414A08AD}.Release|x64.Build.0 = Release|x64
	EndGlobalSection
	GlobalSection(SolutionProperties) = preSolution
		HideSolutionNode = FALSE
	EndGlobalSection
	GlobalSection(ExtensibilityGlobals) = postSolution
		SolutionGuid = {06178E39-1714-4A2C-AA5B-BC510F100E5C}
	EndGlobalSection
EndGlobal
